{
  "name": "me_site",
  "version": "1.0.0",
  "lockfileVersion": 1,
  "requires": true,
  "dependencies": {
    "heroku-ssl-redirect": {
      "version": "0.1.1",
      "resolved": "https://registry.npmjs.org/heroku-ssl-redirect/-/heroku-ssl-redirect-0.1.1.tgz",
      "integrity": "sha512-kL/DvLR2J53iB3TXasQlo5JwF/j2L2zkala6Ddk9o6JwIPeDvbTGT9Aty8WElxcF389ObICCeyf2m7RKpCg5Bg=="
    }
  }
}
